// !$*UTF8*$!
{
	archiveVersion = 1;
	classes = {
	};
	objectVersion = 46;
	objects = {

/* Begin PBXBuildFile section */
		8EC7E6A11C57BA4F002F45C0 /* AppDelegate.swift in Sources */ = {isa = PBXBuildFile; fileRef = 8EC7E6A01C57BA4F002F45C0 /* AppDelegate.swift */; };
		8EC7E6A31C57BA4F002F45C0 /* ViewController.swift in Sources */ = {isa = PBXBuildFile; fileRef = 8EC7E6A21C57BA4F002F45C0 /* ViewController.swift */; };
		8EC7E6A61C57BA4F002F45C0 /* Main.storyboard in Resources */ = {isa = PBXBuildFile; fileRef = 8EC7E6A41C57BA4F002F45C0 /* Main.storyboard */; };
		8EC7E6A81C57BA4F002F45C0 /* Assets.xcassets in Resources */ = {isa = PBXBuildFile; fileRef = 8EC7E6A71C57BA4F002F45C0 /* Assets.xcassets */; };
		8EC7E6AB1C57BA4F002F45C0 /* LaunchScreen.storyboard in Resources */ = {isa = PBXBuildFile; fileRef = 8EC7E6A91C57BA4F002F45C0 /* LaunchScreen.storyboard */; };
/* End PBXBuildFile section */

/* Begin PBXFileReference section */
		8EC7E69D1C57BA4F002F45C0 /* PokemonDex.app */ = {isa = PBXFileReference; explicitFileType = wrapper.application; includeInIndex = 0; path = PokemonDex.app; sourceTree = BUILT_PRODUCTS_DIR; };
		8EC7E6A01C57BA4F002F45C0 /* AppDelegate.swift */ = {isa = PBXFileReference; lastKnownFileType = sourcecode.swift; path = AppDelegate.swift; sourceTree = "<group>"; };
		8EC7E6A21C57BA4F002F45C0 /* ViewController.swift */ = {isa = PBXFileReference; lastKnownFileType = sourcecode.swift; path = ViewController.swift; sourceTree = "<group>"; };
		8EC7E6A51C57BA4F002F45C0 /* Base */ = {isa = PBXFileReference; lastKnownFileType = file.storyboard; name = Base; path = Base.lproj/Main.storyboard; sourceTree = "<group>"; };
		8EC7E6A71C57BA4F002F45C0 /* Assets.xcassets */ = {isa = PBXFileReference; lastKnownFileType = folder.assetcatalog; path = Assets.xcassets; sourceTree = "<group>"; };
		8EC7E6AA1C57BA4F002F45C0 /* Base */ = {isa = PBXFileReference; lastKnownFileType = file.storyboard; name = Base; path = Base.lproj/LaunchScreen.storyboard; sourceTree = "<group>"; };
		8EC7E6AC1C57BA4F002F45C0 /* Info.plist */ = {isa = PBXFileReference; lastKnownFileType = text.plist.xml; path = Info.plist; sourceTree = "<group>"; };
/* End PBXFileReference section */

/* Begin PBXFrameworksBuildPhase section */
		8EC7E69A1C57BA4F002F45C0 /* Frameworks */ = {
			isa = PBXFrameworksBuildPhase;
			buildActionMask = 2147483647;
			files = (
			);
			runOnlyForDeploymentPostprocessing = 0;
		};
/* End PBXFrameworksBuildPhase section */

/* Begin PBXGroup section */
		8EC7E6941C57BA4F002F45C0 = {
			isa = PBXGroup;
			children = (
				8EC7E69F1C57BA4F002F45C0 /* PokemonDex */,
				8EC7E69E1C57BA4F002F45C0 /* Products */,
			);
			sourceTree = "<group>";
		};
		8EC7E69E1C57BA4F002F45C0 /* Products */ = {
			isa = PBXGroup;
			children = (
				8EC7E69D1C57BA4F002F45C0 /* PokemonDex.app */,
			);
			name = Products;
			sourceTree = "<group>";
		};
		8EC7E69F1C57BA4F002F45C0 /* PokemonDex */ = {
			isa = PBXGroup;
			children = (
				8EC7E6A01C57BA4F002F45C0 /* AppDelegate.swift */,
				8EC7E6A21C57BA4F002F45C0 /* ViewController.swift */,
				8EC7E6A41C57BA4F002F45C0 /* Main.storyboard */,
				8EC7E6A71C57BA4F002F45C0 /* Assets.xcassets */,
				8EC7E6A91C57BA4F002F45C0 /* LaunchScreen.storyboard */,
				8EC7E6AC1C57BA4F002F45C0 /* Info.plist */,
			);
			path = PokemonDex;
			sourceTree = "<group>";
		};
/* End PBXGroup section */

/* Begin PBXNativeTarget section */
		8EC7E69C1C57BA4F002F45C0 /* PokemonDex */ = {
			isa = PBXNativeTarget;
			buildConfigurationList = 8EC7E6AF1C57BA4F002F45C0 /* Build configuration list for PBXNativeTarget "PokemonDex" */;
			buildPhases = (
				8EC7E6991C57BA4F002F45C0 /* Sources */,
				8EC7E69A1C57BA4F002F45C0 /* Frameworks */,
				8EC7E69B1C57BA4F002F45C0 /* Resources */,
			);
			buildRules = (
			);
			dependencies = (
			);
			name = PokemonDex;
			productName = PokemonDex;
			productReference = 8EC7E69D1C57BA4F002F45C0 /* PokemonDex.app */;
			productType = "com.apple.product-type.application";
		};
/* End PBXNativeTarget section */

/* Begin PBXProject section */
		8EC7E6951C57BA4F002F45C0 /* Project object */ = {
			isa = PBXProject;
			attributes = {
				LastSwiftUpdateCheck = 0720;
				LastUpgradeCheck = 0720;
				ORGANIZATIONNAME = anseha;
				TargetAttributes = {
					8EC7E69C1C57BA4F002F45C0 = {
						CreatedOnToolsVersion = 7.2;
					};
				};
			};
			buildConfigurationList = 8EC7E6981C57BA4F002F45C0 /* Build configuration list for PBXProject "PokemonDex" */;
			compatibilityVersion = "Xcode 3.2";
			developmentRegion = English;
			hasScannedForEncodings = 0;
			knownRegions = (
				en,
				Base,
			);
			mainGroup = 8EC7E6941C57BA4F002F45C0;
			productRefGroup = 8EC7E69E1C57BA4F002F45C0 /* Products */;
			projectDirPath = "";
			projectRoot = "";
			targets = (
				8EC7E69C1C57BA4F002F45C0 /* PokemonDex */,
			);
		};
/* End PBXProject section */

/* Begin PBXResourcesBuildPhase section */
		8EC7E69B1C57BA4F002F45C0 /* Resources */ = {
			isa = PBXResourcesBuildPhase;
			buildActionMask = 2147483647;
			files = (
				8EC7E6AB1C57BA4F002F45C0 /* LaunchScreen.storyboard in Resources */,
				8EC7E6A81C57BA4F002F45C0 /* Assets.xcassets in Resources */,
				8EC7E6A61C57BA4F002F45C0 /* Main.storyboard in Resources */,
			);
			runOnlyForDeploymentPostprocessing = 0;
		};
/* End PBXResourcesBuildPhase section */

/* Begin PBXSourcesBuildPhase section */
		8EC7E6991C57BA4F002F45C0 /* Sources */ = {
			isa = PBXSourcesBuildPhase;
			buildActionMask = 2147483647;
			files = (
				8EC7E6A31C57BA4F002F45C0 /* ViewController.swift in Sources */,
				8EC7E6A11C57BA4F002F45C0 /* AppDelegate.swift in Sources */,
			);
			runOnlyForDeploymentPostprocessing = 0;
		};
/* End PBXSourcesBuildPhase section */

/* Begin PBXVariantGroup section */
		8EC7E6A41C57BA4F002F45C0 /* Main.storyboard */ = {
			isa = PBXVariantGroup;
			children = (
				8EC7E6A51C57BA4F002F45C0 /* Base */,
			);
			name = Main.storyboard;
			sourceTree = "<group>";
		};
		8EC7E6A91C57BA4F002F45C0 /* LaunchScreen.storyboard */ = {
			isa = PBXVariantGroup;
			children = (
				8EC7E6AA1C57BA4F002F45C0 /* Base */,
			);
			name = LaunchScreen.storyboard;
			sourceTree = "<group>";
		};
/* End PBXVariantGroup section */

/* Begin XCBuildConfiguration section */
		8EC7E6AD1C57BA4F002F45C0 /* Debug */ = {
			isa = XCBuildConfiguration;
			buildSettings = {
				ALWAYS_SEARCH_USER_PATHS = NO;
				CLANG_CXX_LANGUAGE_STANDARD = "gnu++0x";
				CLANG_CXX_LIBRARY = "libc++";
				CLANG_ENABLE_MODULES = YES;
				CLANG_ENABLE_OBJC_ARC = YES;
				CLANG_WARN_BOOL_CONVERSION = YES;
				CLANG_WARN_CONSTANT_CONVERSION = YES;
				CLANG_WARN_DIRECT_OBJC_ISA_USAGE = YES_ERROR;
				CLANG_WARN_EMPTY_BODY = YES;
				CLANG_WARN_ENUM_CONVERSION = YES;
				CLANG_WARN_INT_CONVERSION = YES;
				CLANG_WARN_OBJC_ROOT_CLASS = YES_ERROR;
				CLANG_WARN_UNREACHABLE_CODE = YES;
				CLANG_WARN__DUPLICATE_METHOD_MATCH = YES;
				"CODE_SIGN_IDENTITY[sdk=iphoneos*]" = "iPhone Developer";
				COPY_PHASE_STRIP = NO;
				DEBUG_INFORMATION_FORMAT = dwarf;
				ENABLE_STRICT_OBJC_MSGSEND = YES;
				ENABLE_TESTABILITY = YES;
				GCC_C_LANGUAGE_STANDARD = gnu99;
				GCC_DYNAMIC_NO_PIC = NO;
				GCC_NO_COMMON_BLOCKS = YES;
				GCC_OPTIMIZATION_LEVEL = 0;
				GCC_PREPROCESSOR_DEFINITIONS = (
					"DEBUG=1",
					"$(inherited)",
				);
				GCC_WARN_64_TO_32_BIT_CONVERSION = YES;
				GCC_WARN_ABOUT_RETURN_TYPE = YES_ERROR;
				GCC_WARN_UNDECLARED_SELECTOR = YES;
				GCC_WARN_UNINITIALIZED_AUTOS = YES_AGGRESSIVE;
				GCC_WARN_UNUSED_FUNCTION = YES;
				GCC_WARN_UNUSED_VARIABLE = YES;
				IPHONEOS_DEPLOYMENT_TARGET = 9.2;
				MTL_ENABLE_DEBUG_INFO = YES;
				ONLY_ACTIVE_ARCH = YES;
				SDKROOT = iphoneos;
				SWIFT_OPTIMIZATION_LEVEL = "-Onone";
			};
			name = Debug;
		};
		8EC7E6AE1C57BA4F002F45C0 /* Release */ = {
			isa = XCBuildConfiguration;
			buildSettings = {
				ALWAYS_SEARCH_USER_PATHS = NO;
				CLANG_CXX_LANGUAGE_STANDARD = "gnu++0x";
				CLANG_CXX_LIBRARY = "libc++";
				CLANG_ENABLE_MODULES = YES;
				CLANG_ENABLE_OBJC_ARC = YES;
				CLANG_WARN_BOOL_CONVERSION = YES;
				CLANG_WARN_CONSTANT_CONVERSION = YES;
				CLANG_WARN_DIRECT_OBJC_ISA_USAGE = YES_ERROR;
				CLANG_WARN_EMPTY_BODY = YES;
				CLANG_WARN_ENUM_CONVERSION = YES;
				CLANG_WARN_INT_CONVERSION = YES;
				CLANG_WARN_OBJC_ROOT_CLASS = YES_ERROR;
				CLANG_WARN_UNREACHABLE_CODE = YES;
				CLANG_WARN__DUPLICATE_METHOD_MATCH = YES;
				"CODE_SIGN_IDENTITY[sdk=iphoneos*]" = "iPhone Developer";
				COPY_PHASE_STRIP = NO;
				DEBUG_INFORMATION_FORMAT = "dwarf-with-dsym";
				ENABLE_NS_ASSERTIONS = NO;
				ENABLE_STRICT_OBJC_MSGSEND = YES;
				GCC_C_LANGUAGE_STANDARD = gnu99;
				GCC_NO_COMMON_BLOCKS = YES;
				GCC_WARN_64_TO_32_BIT_CONVERSION = YES;
				GCC_WARN_ABOUT_RETURN_TYPE = YES_ERROR;
				GCC_WARN_UNDECLARED_SELECTOR = YES;
				GCC_WARN_UNINITIALIZED_AUTOS = YES_AGGRESSIVE;
				GCC_WARN_UNUSED_FUNCTION = YES;
				GCC_WARN_UNUSED_VARIABLE = YES;
				IPHONEOS_DEPLOYMENT_TARGET = 9.2;
				MTL_ENABLE_DEBUG_INFO = NO;
				SDKROOT = iphoneos;
				VALIDATE_PRODUCT = YES;
			};
			name = Release;
		};
		8EC7E6B01C57BA4F002F45C0 /* Debug */ = {
			isa = XCBuildConfiguration;
			buildSettings = {
				ASSETCATALOG_COMPILER_APPICON_NAME = AppIcon;
				INFOPLIST_FILE = PokemonDex/Info.plist;
				LD_RUNPATH_SEARCH_PATHS = "$(inherited) @executable_path/Frameworks";
				PRODUCT_BUNDLE_IDENTIFIER = com.anseha.PokemonDex;
				PRODUCT_NAME = "$(TARGET_NAME)";
			};
			name = Debug;
		};
		8EC7E6B11C57BA4F002F45C0 /* Release */ = {
			isa = XCBuildConfiguration;
			buildSettings = {
				ASSETCATALOG_COMPILER_APPICON_NAME = AppIcon;
				INFOPLIST_FILE = PokemonDex/Info.plist;
				LD_RUNPATH_SEARCH_PATHS = "$(inherited) @executable_path/Frameworks";
				PRODUCT_BUNDLE_IDENTIFIER = com.anseha.PokemonDex;
				PRODUCT_NAME = "$(TARGET_NAME)";
			};
			name = Release;
		};
/* End XCBuildConfiguration section */

/* Begin XCConfigurationList section */
		8EC7E6981C57BA4F002F45C0 /* Build configuration list for PBXProject "PokemonDex" */ = {
			isa = XCConfigurationList;
			buildConfigurations = (
				8EC7E6AD1C57BA4F002F45C0 /* Debug */,
				8EC7E6AE1C57BA4F002F45C0 /* Release */,
			);
			defaultConfigurationIsVisible = 0;
			defaultConfigurationName = Release;
		};
		8EC7E6AF1C57BA4F002F45C0 /* Build configuration list for PBXNativeTarget "PokemonDex" */ = {
			isa = XCConfigurationList;
			buildConfigurations = (
				8EC7E6B01C57BA4F002F45C0 /* Debug */,
				8EC7E6B11C57BA4F002F45C0 /* Release */,
			);
			defaultConfigurationIsVisible = 0;
		};
/* End XCConfigurationList section */
	};
	rootObject = 8EC7E6951C57BA4F002F45C0 /* Project object */;
}
